// !$*UTF8*$!
{
	archiveVersion = 1;
	classes = {
	};
	objectVersion = 46;
	objects = {

/* Begin PBXBuildFile section */
		6303136F1EE7987700EEA982 /* main.m in Sources */ = {isa = PBXBuildFile; fileRef = 6303136E1EE7987700EEA982 /* main.m */; };
		630313721EE7987700EEA982 /* AppDelegate.m in Sources */ = {isa = PBXBuildFile; fileRef = 630313711EE7987700EEA982 /* AppDelegate.m */; };
		630313751EE7987700EEA982 /* WeatherViewController.m in Sources */ = {isa = PBXBuildFile; fileRef = 630313741EE7987700EEA982 /* WeatherViewController.m */; };
		6303137B1EE7987700EEA982 /* Main.storyboard in Resources */ = {isa = PBXBuildFile; fileRef = 630313791EE7987700EEA982 /* Main.storyboard */; };
		6303137D1EE7987700EEA982 /* Assets.xcassets in Resources */ = {isa = PBXBuildFile; fileRef = 6303137C1EE7987700EEA982 /* Assets.xcassets */; };
		630313801EE7987700EEA982 /* LaunchScreen.storyboard in Resources */ = {isa = PBXBuildFile; fileRef = 6303137E1EE7987700EEA982 /* LaunchScreen.storyboard */; };
		630313891EE7F36100EEA982 /* CityListViewController.m in Sources */ = {isa = PBXBuildFile; fileRef = 630313881EE7F36100EEA982 /* CityListViewController.m */; };
		63A509161EEE657B0036DE56 /* MySearchResultViewController.m in Sources */ = {isa = PBXBuildFile; fileRef = 63A509151EEE657B0036DE56 /* MySearchResultViewController.m */; };
		63D515C51EEFD15200D92374 /* MJRefreshAutoFooter.m in Sources */ = {isa = PBXBuildFile; fileRef = 63D515991EEFD15200D92374 /* MJRefreshAutoFooter.m */; };
		63D515C61EEFD15200D92374 /* MJRefreshBackFooter.m in Sources */ = {isa = PBXBuildFile; fileRef = 63D5159B1EEFD15200D92374 /* MJRefreshBackFooter.m */; };
		63D515C71EEFD15200D92374 /* MJRefreshComponent.m in Sources */ = {isa = PBXBuildFile; fileRef = 63D5159D1EEFD15200D92374 /* MJRefreshComponent.m */; };
		63D515C81EEFD15200D92374 /* MJRefreshFooter.m in Sources */ = {isa = PBXBuildFile; fileRef = 63D5159F1EEFD15200D92374 /* MJRefreshFooter.m */; };
		63D515C91EEFD15200D92374 /* MJRefreshHeader.m in Sources */ = {isa = PBXBuildFile; fileRef = 63D515A11EEFD15200D92374 /* MJRefreshHeader.m */; };
		63D515CA1EEFD15200D92374 /* MJRefreshAutoGifFooter.m in Sources */ = {isa = PBXBuildFile; fileRef = 63D515A61EEFD15200D92374 /* MJRefreshAutoGifFooter.m */; };
		63D515CB1EEFD15200D92374 /* MJRefreshAutoNormalFooter.m in Sources */ = {isa = PBXBuildFile; fileRef = 63D515A81EEFD15200D92374 /* MJRefreshAutoNormalFooter.m */; };
		63D515CC1EEFD15200D92374 /* MJRefreshAutoStateFooter.m in Sources */ = {isa = PBXBuildFile; fileRef = 63D515AA1EEFD15200D92374 /* MJRefreshAutoStateFooter.m */; };
		63D515CD1EEFD15200D92374 /* MJRefreshBackGifFooter.m in Sources */ = {isa = PBXBuildFile; fileRef = 63D515AD1EEFD15200D92374 /* MJRefreshBackGifFooter.m */; };
		63D515CE1EEFD15200D92374 /* MJRefreshBackNormalFooter.m in Sources */ = {isa = PBXBuildFile; fileRef = 63D515AF1EEFD15200D92374 /* MJRefreshBackNormalFooter.m */; };
		63D515CF1EEFD15200D92374 /* MJRefreshBackStateFooter.m in Sources */ = {isa = PBXBuildFile; fileRef = 63D515B11EEFD15200D92374 /* MJRefreshBackStateFooter.m */; };
		63D515D01EEFD15200D92374 /* MJRefreshGifHeader.m in Sources */ = {isa = PBXBuildFile; fileRef = 63D515B41EEFD15200D92374 /* MJRefreshGifHeader.m */; };
		63D515D11EEFD15200D92374 /* MJRefreshNormalHeader.m in Sources */ = {isa = PBXBuildFile; fileRef = 63D515B61EEFD15200D92374 /* MJRefreshNormalHeader.m */; };
		63D515D21EEFD15200D92374 /* MJRefreshStateHeader.m in Sources */ = {isa = PBXBuildFile; fileRef = 63D515B81EEFD15200D92374 /* MJRefreshStateHeader.m */; };
		63D515D31EEFD15200D92374 /* MJRefresh.bundle in Resources */ = {isa = PBXBuildFile; fileRef = 63D515B91EEFD15200D92374 /* MJRefresh.bundle */; };
		63D515D41EEFD15200D92374 /* MJRefreshConst.m in Sources */ = {isa = PBXBuildFile; fileRef = 63D515BC1EEFD15200D92374 /* MJRefreshConst.m */; };
		63D515D51EEFD15200D92374 /* NSBundle+MJRefresh.m in Sources */ = {isa = PBXBuildFile; fileRef = 63D515BE1EEFD15200D92374 /* NSBundle+MJRefresh.m */; };
		63D515D61EEFD15200D92374 /* UIScrollView+MJExtension.m in Sources */ = {isa = PBXBuildFile; fileRef = 63D515C01EEFD15200D92374 /* UIScrollView+MJExtension.m */; };
		63D515D71EEFD15200D92374 /* UIScrollView+MJRefresh.m in Sources */ = {isa = PBXBuildFile; fileRef = 63D515C21EEFD15200D92374 /* UIScrollView+MJRefresh.m */; };
		63D515D81EEFD15200D92374 /* UIView+MJExtension.m in Sources */ = {isa = PBXBuildFile; fileRef = 63D515C41EEFD15200D92374 /* UIView+MJExtension.m */; };
/* End PBXBuildFile section */

/* Begin PBXFileReference section */
		6303136A1EE7987700EEA982 /* weather.app */ = {isa = PBXFileReference; explicitFileType = wrapper.application; includeInIndex = 0; path = weather.app; sourceTree = BUILT_PRODUCTS_DIR; };
		6303136E1EE7987700EEA982 /* main.m */ = {isa = PBXFileReference; lastKnownFileType = sourcecode.c.objc; path = main.m; sourceTree = "<group>"; };
		630313701EE7987700EEA982 /* AppDelegate.h */ = {isa = PBXFileReference; lastKnownFileType = sourcecode.c.h; path = AppDelegate.h; sourceTree = "<group>"; };
		630313711EE7987700EEA982 /* AppDelegate.m */ = {isa = PBXFileReference; lastKnownFileType = sourcecode.c.objc; path = AppDelegate.m; sourceTree = "<group>"; };
		630313731EE7987700EEA982 /* WeatherViewController.h */ = {isa = PBXFileReference; lastKnownFileType = sourcecode.c.h; path = WeatherViewController.h; sourceTree = "<group>"; };
		630313741EE7987700EEA982 /* WeatherViewController.m */ = {isa = PBXFileReference; lastKnownFileType = sourcecode.c.objc; path = WeatherViewController.m; sourceTree = "<group>"; };
		6303137A1EE7987700EEA982 /* Base */ = {isa = PBXFileReference; lastKnownFileType = file.storyboard; name = Base; path = Base.lproj/Main.storyboard; sourceTree = "<group>"; };
		6303137C1EE7987700EEA982 /* Assets.xcassets */ = {isa = PBXFileReference; lastKnownFileType = folder.assetcatalog; path = Assets.xcassets; sourceTree = "<group>"; };
		6303137F1EE7987700EEA982 /* Base */ = {isa = PBXFileReference; lastKnownFileType = file.storyboard; name = Base; path = Base.lproj/LaunchScreen.storyboard; sourceTree = "<group>"; };
		630313811EE7987700EEA982 /* Info.plist */ = {isa = PBXFileReference; lastKnownFileType = text.plist.xml; path = Info.plist; sourceTree = "<group>"; };
		630313871EE7F36100EEA982 /* CityListViewController.h */ = {isa = PBXFileReference; fileEncoding = 4; lastKnownFileType = sourcecode.c.h; path = CityListViewController.h; sourceTree = "<group>"; };
		630313881EE7F36100EEA982 /* CityListViewController.m */ = {isa = PBXFileReference; fileEncoding = 4; lastKnownFileType = sourcecode.c.objc; path = CityListViewController.m; sourceTree = "<group>"; };
		63A509141EEE657B0036DE56 /* MySearchResultViewController.h */ = {isa = PBXFileReference; fileEncoding = 4; lastKnownFileType = sourcecode.c.h; path = MySearchResultViewController.h; sourceTree = "<group>"; };
		63A509151EEE657B0036DE56 /* MySearchResultViewController.m */ = {isa = PBXFileReference; fileEncoding = 4; lastKnownFileType = sourcecode.c.objc; path = MySearchResultViewController.m; sourceTree = "<group>"; };
		63D515981EEFD15200D92374 /* MJRefreshAutoFooter.h */ = {isa = PBXFileReference; fileEncoding = 4; lastKnownFileType = sourcecode.c.h; path = MJRefreshAutoFooter.h; sourceTree = "<group>"; };
		63D515991EEFD15200D92374 /* MJRefreshAutoFooter.m */ = {isa = PBXFileReference; fileEncoding = 4; lastKnownFileType = sourcecode.c.objc; path = MJRefreshAutoFooter.m; sourceTree = "<group>"; };
		63D5159A1EEFD15200D92374 /* MJRefreshBackFooter.h */ = {isa = PBXFileReference; fileEncoding = 4; lastKnownFileType = sourcecode.c.h; path = MJRefreshBackFooter.h; sourceTree = "<group>"; };
		63D5159B1EEFD15200D92374 /* MJRefreshBackFooter.m */ = {isa = PBXFileReference; fileEncoding = 4; lastKnownFileType = sourcecode.c.objc; path = MJRefreshBackFooter.m; sourceTree = "<group>"; };
		63D5159C1EEFD15200D92374 /* MJRefreshComponent.h */ = {isa = PBXFileReference; fileEncoding = 4; lastKnownFileType = sourcecode.c.h; path = MJRefreshComponent.h; sourceTree = "<group>"; };
		63D5159D1EEFD15200D92374 /* MJRefreshComponent.m */ = {isa = PBXFileReference; fileEncoding = 4; lastKnownFileType = sourcecode.c.objc; path = MJRefreshComponent.m; sourceTree = "<group>"; };
		63D5159E1EEFD15200D92374 /* MJRefreshFooter.h */ = {isa = PBXFileReference; fileEncoding = 4; lastKnownFileType = sourcecode.c.h; path = MJRefreshFooter.h; sourceTree = "<group>"; };
		63D5159F1EEFD15200D92374 /* MJRefreshFooter.m */ = {isa = PBXFileReference; fileEncoding = 4; lastKnownFileType = sourcecode.c.objc; path = MJRefreshFooter.m; sourceTree = "<group>"; };
		63D515A01EEFD15200D92374 /* MJRefreshHeader.h */ = {isa = PBXFileReference; fileEncoding = 4; lastKnownFileType = sourcecode.c.h; path = MJRefreshHeader.h; sourceTree = "<group>"; };
		63D515A11EEFD15200D92374 /* MJRefreshHeader.m */ = {isa = PBXFileReference; fileEncoding = 4; lastKnownFileType = sourcecode.c.objc; path = MJRefreshHeader.m; sourceTree = "<group>"; };
		63D515A51EEFD15200D92374 /* MJRefreshAutoGifFooter.h */ = {isa = PBXFileReference; fileEncoding = 4; lastKnownFileType = sourcecode.c.h; path = MJRefreshAutoGifFooter.h; sourceTree = "<group>"; };
		63D515A61EEFD15200D92374 /* MJRefreshAutoGifFooter.m */ = {isa = PBXFileReference; fileEncoding = 4; lastKnownFileType = sourcecode.c.objc; path = MJRefreshAutoGifFooter.m; sourceTree = "<group>"; };
		63D515A71EEFD15200D92374 /* MJRefreshAutoNormalFooter.h */ = {isa = PBXFileReference; fileEncoding = 4; lastKnownFileType = sourcecode.c.h; path = MJRefreshAutoNormalFooter.h; sourceTree = "<group>"; };
		63D515A81EEFD15200D92374 /* MJRefreshAutoNormalFooter.m */ = {isa = PBXFileReference; fileEncoding = 4; lastKnownFileType = sourcecode.c.objc; path = MJRefreshAutoNormalFooter.m; sourceTree = "<group>"; };
		63D515A91EEFD15200D92374 /* MJRefreshAutoStateFooter.h */ = {isa = PBXFileReference; fileEncoding = 4; lastKnownFileType = sourcecode.c.h; path = MJRefreshAutoStateFooter.h; sourceTree = "<group>"; };
		63D515AA1EEFD15200D92374 /* MJRefreshAutoStateFooter.m */ = {isa = PBXFileReference; fileEncoding = 4; lastKnownFileType = sourcecode.c.objc; path = MJRefreshAutoStateFooter.m; sourceTree = "<group>"; };
		63D515AC1EEFD15200D92374 /* MJRefreshBackGifFooter.h */ = {isa = PBXFileReference; fileEncoding = 4; lastKnownFileType = sourcecode.c.h; path = MJRefreshBackGifFooter.h; sourceTree = "<group>"; };
		63D515AD1EEFD15200D92374 /* MJRefreshBackGifFooter.m */ = {isa = PBXFileReference; fileEncoding = 4; lastKnownFileType = sourcecode.c.objc; path = MJRefreshBackGifFooter.m; sourceTree = "<group>"; };
		63D515AE1EEFD15200D92374 /* MJRefreshBackNormalFooter.h */ = {isa = PBXFileReference; fileEncoding = 4; lastKnownFileType = sourcecode.c.h; path = MJRefreshBackNormalFooter.h; sourceTree = "<group>"; };
		63D515AF1EEFD15200D92374 /* MJRefreshBackNormalFooter.m */ = {isa = PBXFileReference; fileEncoding = 4; lastKnownFileType = sourcecode.c.objc; path = MJRefreshBackNormalFooter.m; sourceTree = "<group>"; };
		63D515B01EEFD15200D92374 /* MJRefreshBackStateFooter.h */ = {isa = PBXFileReference; fileEncoding = 4; lastKnownFileType = sourcecode.c.h; path = MJRefreshBackStateFooter.h; sourceTree = "<group>"; };
		63D515B11EEFD15200D92374 /* MJRefreshBackStateFooter.m */ = {isa = PBXFileReference; fileEncoding = 4; lastKnownFileType = sourcecode.c.objc; path = MJRefreshBackStateFooter.m; sourceTree = "<group>"; };
		63D515B31EEFD15200D92374 /* MJRefreshGifHeader.h */ = {isa = PBXFileReference; fileEncoding = 4; lastKnownFileType = sourcecode.c.h; path = MJRefreshGifHeader.h; sourceTree = "<group>"; };
		63D515B41EEFD15200D92374 /* MJRefreshGifHeader.m */ = {isa = PBXFileReference; fileEncoding = 4; lastKnownFileType = sourcecode.c.objc; path = MJRefreshGifHeader.m; sourceTree = "<group>"; };
		63D515B51EEFD15200D92374 /* MJRefreshNormalHeader.h */ = {isa = PBXFileReference; fileEncoding = 4; lastKnownFileType = sourcecode.c.h; path = MJRefreshNormalHeader.h; sourceTree = "<group>"; };
		63D515B61EEFD15200D92374 /* MJRefreshNormalHeader.m */ = {isa = PBXFileReference; fileEncoding = 4; lastKnownFileType = sourcecode.c.objc; path = MJRefreshNormalHeader.m; sourceTree = "<group>"; };
		63D515B71EEFD15200D92374 /* MJRefreshStateHeader.h */ = {isa = PBXFileReference; fileEncoding = 4; lastKnownFileType = sourcecode.c.h; path = MJRefreshStateHeader.h; sourceTree = "<group>"; };
		63D515B81EEFD15200D92374 /* MJRefreshStateHeader.m */ = {isa = PBXFileReference; fileEncoding = 4; lastKnownFileType = sourcecode.c.objc; path = MJRefreshStateHeader.m; sourceTree = "<group>"; };
		63D515B91EEFD15200D92374 /* MJRefresh.bundle */ = {isa = PBXFileReference; lastKnownFileType = "wrapper.plug-in"; path = MJRefresh.bundle; sourceTree = "<group>"; };
		63D515BA1EEFD15200D92374 /* MJRefresh.h */ = {isa = PBXFileReference; fileEncoding = 4; lastKnownFileType = sourcecode.c.h; path = MJRefresh.h; sourceTree = "<group>"; };
		63D515BB1EEFD15200D92374 /* MJRefreshConst.h */ = {isa = PBXFileReference; fileEncoding = 4; lastKnownFileType = sourcecode.c.h; path = MJRefreshConst.h; sourceTree = "<group>"; };
		63D515BC1EEFD15200D92374 /* MJRefreshConst.m */ = {isa = PBXFileReference; fileEncoding = 4; lastKnownFileType = sourcecode.c.objc; path = MJRefreshConst.m; sourceTree = "<group>"; };
		63D515BD1EEFD15200D92374 /* NSBundle+MJRefresh.h */ = {isa = PBXFileReference; fileEncoding = 4; lastKnownFileType = sourcecode.c.h; path = "NSBundle+MJRefresh.h"; sourceTree = "<group>"; };
		63D515BE1EEFD15200D92374 /* NSBundle+MJRefresh.m */ = {isa = PBXFileReference; fileEncoding = 4; lastKnownFileType = sourcecode.c.objc; path = "NSBundle+MJRefresh.m"; sourceTree = "<group>"; };
		63D515BF1EEFD15200D92374 /* UIScrollView+MJExtension.h */ = {isa = PBXFileReference; fileEncoding = 4; lastKnownFileType = sourcecode.c.h; path = "UIScrollView+MJExtension.h"; sourceTree = "<group>"; };
		63D515C01EEFD15200D92374 /* UIScrollView+MJExtension.m */ = {isa = PBXFileReference; fileEncoding = 4; lastKnownFileType = sourcecode.c.objc; path = "UIScrollView+MJExtension.m"; sourceTree = "<group>"; };
		63D515C11EEFD15200D92374 /* UIScrollView+MJRefresh.h */ = {isa = PBXFileReference; fileEncoding = 4; lastKnownFileType = sourcecode.c.h; path = "UIScrollView+MJRefresh.h"; sourceTree = "<group>"; };
		63D515C21EEFD15200D92374 /* UIScrollView+MJRefresh.m */ = {isa = PBXFileReference; fileEncoding = 4; lastKnownFileType = sourcecode.c.objc; path = "UIScrollView+MJRefresh.m"; sourceTree = "<group>"; };
		63D515C31EEFD15200D92374 /* UIView+MJExtension.h */ = {isa = PBXFileReference; fileEncoding = 4; lastKnownFileType = sourcecode.c.h; path = "UIView+MJExtension.h"; sourceTree = "<group>"; };
		63D515C41EEFD15200D92374 /* UIView+MJExtension.m */ = {isa = PBXFileReference; fileEncoding = 4; lastKnownFileType = sourcecode.c.objc; path = "UIView+MJExtension.m"; sourceTree = "<group>"; };
/* End PBXFileReference section */

/* Begin PBXFrameworksBuildPhase section */
		630313671EE7987700EEA982 /* Frameworks */ = {
			isa = PBXFrameworksBuildPhase;
			buildActionMask = 2147483647;
			files = (
			);
			runOnlyForDeploymentPostprocessing = 0;
		};
/* End PBXFrameworksBuildPhase section */

/* Begin PBXGroup section */
		630313611EE7987700EEA982 = {
			isa = PBXGroup;
			children = (
				6303136C1EE7987700EEA982 /* weather */,
				6303136B1EE7987700EEA982 /* Products */,
			);
			sourceTree = "<group>";
		};
		6303136B1EE7987700EEA982 /* Products */ = {
			isa = PBXGroup;
			children = (
				6303136A1EE7987700EEA982 /* weather.app */,
			);
			name = Products;
			sourceTree = "<group>";
		};
		6303136C1EE7987700EEA982 /* weather */ = {
			isa = PBXGroup;
			children = (
				63D515961EEFD15200D92374 /* MJRefresh */,
				630313701EE7987700EEA982 /* AppDelegate.h */,
				630313711EE7987700EEA982 /* AppDelegate.m */,
				630313731EE7987700EEA982 /* WeatherViewController.h */,
				630313741EE7987700EEA982 /* WeatherViewController.m */,
				630313871EE7F36100EEA982 /* CityListViewController.h */,
				630313881EE7F36100EEA982 /* CityListViewController.m */,
				63A509141EEE657B0036DE56 /* MySearchResultViewController.h */,
				63A509151EEE657B0036DE56 /* MySearchResultViewController.m */,
				630313791EE7987700EEA982 /* Main.storyboard */,
				6303137C1EE7987700EEA982 /* Assets.xcassets */,
				6303137E1EE7987700EEA982 /* LaunchScreen.storyboard */,
				630313811EE7987700EEA982 /* Info.plist */,
				6303136D1EE7987700EEA982 /* Supporting Files */,
			);
			path = weather;
			sourceTree = "<group>";
		};
		6303136D1EE7987700EEA982 /* Supporting Files */ = {
			isa = PBXGroup;
			children = (
				6303136E1EE7987700EEA982 /* main.m */,
			);
			name = "Supporting Files";
			sourceTree = "<group>";
		};
		63D515961EEFD15200D92374 /* MJRefresh */ = {
			isa = PBXGroup;
			children = (
				63D515971EEFD15200D92374 /* Base */,
				63D515A21EEFD15200D92374 /* Custom */,
				63D515B91EEFD15200D92374 /* MJRefresh.bundle */,
				63D515BA1EEFD15200D92374 /* MJRefresh.h */,
				63D515BB1EEFD15200D92374 /* MJRefreshConst.h */,
				63D515BC1EEFD15200D92374 /* MJRefreshConst.m */,
				63D515BD1EEFD15200D92374 /* NSBundle+MJRefresh.h */,
				63D515BE1EEFD15200D92374 /* NSBundle+MJRefresh.m */,
				63D515BF1EEFD15200D92374 /* UIScrollView+MJExtension.h */,
				63D515C01EEFD15200D92374 /* UIScrollView+MJExtension.m */,
				63D515C11EEFD15200D92374 /* UIScrollView+MJRefresh.h */,
				63D515C21EEFD15200D92374 /* UIScrollView+MJRefresh.m */,
				63D515C31EEFD15200D92374 /* UIView+MJExtension.h */,
				63D515C41EEFD15200D92374 /* UIView+MJExtension.m */,
			);
			path = MJRefresh;
			sourceTree = SOURCE_ROOT;
		};
		63D515971EEFD15200D92374 /* Base */ = {
			isa = PBXGroup;
			children = (
				63D515981EEFD15200D92374 /* MJRefreshAutoFooter.h */,
				63D515991EEFD15200D92374 /* MJRefreshAutoFooter.m */,
				63D5159A1EEFD15200D92374 /* MJRefreshBackFooter.h */,
				63D5159B1EEFD15200D92374 /* MJRefreshBackFooter.m */,
				63D5159C1EEFD15200D92374 /* MJRefreshComponent.h */,
				63D5159D1EEFD15200D92374 /* MJRefreshComponent.m */,
				63D5159E1EEFD15200D92374 /* MJRefreshFooter.h */,
				63D5159F1EEFD15200D92374 /* MJRefreshFooter.m */,
				63D515A01EEFD15200D92374 /* MJRefreshHeader.h */,
				63D515A11EEFD15200D92374 /* MJRefreshHeader.m */,
			);
			path = Base;
			sourceTree = "<group>";
		};
		63D515A21EEFD15200D92374 /* Custom */ = {
			isa = PBXGroup;
			children = (
				63D515A31EEFD15200D92374 /* Footer */,
				63D515B21EEFD15200D92374 /* Header */,
			);
			path = Custom;
			sourceTree = "<group>";
		};
		63D515A31EEFD15200D92374 /* Footer */ = {
			isa = PBXGroup;
			children = (
				63D515A41EEFD15200D92374 /* Auto */,
				63D515AB1EEFD15200D92374 /* Back */,
			);
			path = Footer;
			sourceTree = "<group>";
		};
		63D515A41EEFD15200D92374 /* Auto */ = {
			isa = PBXGroup;
			children = (
				63D515A51EEFD15200D92374 /* MJRefreshAutoGifFooter.h */,
				63D515A61EEFD15200D92374 /* MJRefreshAutoGifFooter.m */,
				63D515A71EEFD15200D92374 /* MJRefreshAutoNormalFooter.h */,
				63D515A81EEFD15200D92374 /* MJRefreshAutoNormalFooter.m */,
				63D515A91EEFD15200D92374 /* MJRefreshAutoStateFooter.h */,
				63D515AA1EEFD15200D92374 /* MJRefreshAutoStateFooter.m */,
			);
			path = Auto;
			sourceTree = "<group>";
		};
		63D515AB1EEFD15200D92374 /* Back */ = {
			isa = PBXGroup;
			children = (
				63D515AC1EEFD15200D92374 /* MJRefreshBackGifFooter.h */,
				63D515AD1EEFD15200D92374 /* MJRefreshBackGifFooter.m */,
				63D515AE1EEFD15200D92374 /* MJRefreshBackNormalFooter.h */,
				63D515AF1EEFD15200D92374 /* MJRefreshBackNormalFooter.m */,
				63D515B01EEFD15200D92374 /* MJRefreshBackStateFooter.h */,
				63D515B11EEFD15200D92374 /* MJRefreshBackStateFooter.m */,
			);
			path = Back;
			sourceTree = "<group>";
		};
		63D515B21EEFD15200D92374 /* Header */ = {
			isa = PBXGroup;
			children = (
				63D515B31EEFD15200D92374 /* MJRefreshGifHeader.h */,
				63D515B41EEFD15200D92374 /* MJRefreshGifHeader.m */,
				63D515B51EEFD15200D92374 /* MJRefreshNormalHeader.h */,
				63D515B61EEFD15200D92374 /* MJRefreshNormalHeader.m */,
				63D515B71EEFD15200D92374 /* MJRefreshStateHeader.h */,
				63D515B81EEFD15200D92374 /* MJRefreshStateHeader.m */,
			);
			path = Header;
			sourceTree = "<group>";
		};
/* End PBXGroup section */

/* Begin PBXNativeTarget section */
		630313691EE7987700EEA982 /* weather */ = {
			isa = PBXNativeTarget;
			buildConfigurationList = 630313841EE7987700EEA982 /* Build configuration list for PBXNativeTarget "weather" */;
			buildPhases = (
				630313661EE7987700EEA982 /* Sources */,
				630313671EE7987700EEA982 /* Frameworks */,
				630313681EE7987700EEA982 /* Resources */,
			);
			buildRules = (
			);
			dependencies = (
			);
			name = weather;
			productName = weather;
			productReference = 6303136A1EE7987700EEA982 /* weather.app */;
			productType = "com.apple.product-type.application";
		};
/* End PBXNativeTarget section */

/* Begin PBXProject section */
		630313621EE7987700EEA982 /* Project object */ = {
			isa = PBXProject;
			attributes = {
				LastUpgradeCheck = 0830;
				ORGANIZATIONNAME = Dacredible;
				TargetAttributes = {
					630313691EE7987700EEA982 = {
						CreatedOnToolsVersion = 8.3.3;
						ProvisioningStyle = Automatic;
					};
				};
			};
			buildConfigurationList = 630313651EE7987700EEA982 /* Build configuration list for PBXProject "weather" */;
			compatibilityVersion = "Xcode 3.2";
			developmentRegion = English;
			hasScannedForEncodings = 0;
			knownRegions = (
				en,
				Base,
			);
			mainGroup = 630313611EE7987700EEA982;
			productRefGroup = 6303136B1EE7987700EEA982 /* Products */;
			projectDirPath = "";
			projectRoot = "";
			targets = (
				630313691EE7987700EEA982 /* weather */,
			);
		};
/* End PBXProject section */

/* Begin PBXResourcesBuildPhase section */
		630313681EE7987700EEA982 /* Resources */ = {
			isa = PBXResourcesBuildPhase;
			buildActionMask = 2147483647;
			files = (
				630313801EE7987700EEA982 /* LaunchScreen.storyboard in Resources */,
				6303137D1EE7987700EEA982 /* Assets.xcassets in Resources */,
				63D515D31EEFD15200D92374 /* MJRefresh.bundle in Resources */,
				6303137B1EE7987700EEA982 /* Main.storyboard in Resources */,
			);
			runOnlyForDeploymentPostprocessing = 0;
		};
/* End PBXResourcesBuildPhase section */

/* Begin PBXSourcesBuildPhase section */
		630313661EE7987700EEA982 /* Sources */ = {
			isa = PBXSourcesBuildPhase;
			buildActionMask = 2147483647;
			files = (
				63D515D11EEFD15200D92374 /* MJRefreshNormalHeader.m in Sources */,
				63D515D51EEFD15200D92374 /* NSBundle+MJRefresh.m in Sources */,
				63D515D21EEFD15200D92374 /* MJRefreshStateHeader.m in Sources */,
				63D515D01EEFD15200D92374 /* MJRefreshGifHeader.m in Sources */,
				63D515CE1EEFD15200D92374 /* MJRefreshBackNormalFooter.m in Sources */,
				63D515D41EEFD15200D92374 /* MJRefreshConst.m in Sources */,
				63D515C71EEFD15200D92374 /* MJRefreshComponent.m in Sources */,
				63D515D81EEFD15200D92374 /* UIView+MJExtension.m in Sources */,
				63D515CA1EEFD15200D92374 /* MJRefreshAutoGifFooter.m in Sources */,
				63D515D61EEFD15200D92374 /* UIScrollView+MJExtension.m in Sources */,
				63D515C61EEFD15200D92374 /* MJRefreshBackFooter.m in Sources */,
				630313721EE7987700EEA982 /* AppDelegate.m in Sources */,
				630313751EE7987700EEA982 /* WeatherViewController.m in Sources */,
				63D515CB1EEFD15200D92374 /* MJRefreshAutoNormalFooter.m in Sources */,
				6303136F1EE7987700EEA982 /* main.m in Sources */,
				63D515CD1EEFD15200D92374 /* MJRefreshBackGifFooter.m in Sources */,
				63D515C91EEFD15200D92374 /* MJRefreshHeader.m in Sources */,
				63D515CC1EEFD15200D92374 /* MJRefreshAutoStateFooter.m in Sources */,
				63D515C81EEFD15200D92374 /* MJRefreshFooter.m in Sources */,
				63D515D71EEFD15200D92374 /* UIScrollView+MJRefresh.m in Sources */,
				63D515CF1EEFD15200D92374 /* MJRefreshBackStateFooter.m in Sources */,
				63A509161EEE657B0036DE56 /* MySearchResultViewController.m in Sources */,
				63D515C51EEFD15200D92374 /* MJRefreshAutoFooter.m in Sources */,
				630313891EE7F36100EEA982 /* CityListViewController.m in Sources */,
			);
			runOnlyForDeploymentPostprocessing = 0;
		};
/* End PBXSourcesBuildPhase section */

/* Begin PBXVariantGroup section */
		630313791EE7987700EEA982 /* Main.storyboard */ = {
			isa = PBXVariantGroup;
			children = (
				6303137A1EE7987700EEA982 /* Base */,
			);
			name = Main.storyboard;
			sourceTree = "<group>";
		};
		6303137E1EE7987700EEA982 /* LaunchScreen.storyboard */ = {
			isa = PBXVariantGroup;
			children = (
				6303137F1EE7987700EEA982 /* Base */,
			);
			name = LaunchScreen.storyboard;
			sourceTree = "<group>";
		};
/* End PBXVariantGroup section */

/* Begin XCBuildConfiguration section */
		630313821EE7987700EEA982 /* Debug */ = {
			isa = XCBuildConfiguration;
			buildSettings = {
				ALWAYS_SEARCH_USER_PATHS = NO;
				CLANG_ANALYZER_NONNULL = YES;
				CLANG_ANALYZER_NUMBER_OBJECT_CONVERSION = YES_AGGRESSIVE;
				CLANG_CXX_LANGUAGE_STANDARD = "gnu++0x";
				CLANG_CXX_LIBRARY = "libc++";
				CLANG_ENABLE_MODULES = YES;
				CLANG_ENABLE_OBJC_ARC = YES;
				CLANG_WARN_BOOL_CONVERSION = YES;
				CLANG_WARN_CONSTANT_CONVERSION = YES;
				CLANG_WARN_DIRECT_OBJC_ISA_USAGE = YES_ERROR;
				CLANG_WARN_DOCUMENTATION_COMMENTS = YES;
				CLANG_WARN_EMPTY_BODY = YES;
				CLANG_WARN_ENUM_CONVERSION = YES;
				CLANG_WARN_INFINITE_RECURSION = YES;
				CLANG_WARN_INT_CONVERSION = YES;
				CLANG_WARN_OBJC_ROOT_CLASS = YES_ERROR;
				CLANG_WARN_SUSPICIOUS_MOVE = YES;
				CLANG_WARN_UNREACHABLE_CODE = YES;
				CLANG_WARN__DUPLICATE_METHOD_MATCH = YES;
				"CODE_SIGN_IDENTITY[sdk=iphoneos*]" = "iPhone Developer";
				COPY_PHASE_STRIP = NO;
				DEBUG_INFORMATION_FORMAT = dwarf;
				ENABLE_STRICT_OBJC_MSGSEND = YES;
				ENABLE_TESTABILITY = YES;
				GCC_C_LANGUAGE_STANDARD = gnu99;
				GCC_DYNAMIC_NO_PIC = NO;
				GCC_NO_COMMON_BLOCKS = YES;
				GCC_OPTIMIZATION_LEVEL = 0;
				GCC_PREPROCESSOR_DEFINITIONS = (
					"DEBUG=1",
					"$(inherited)",
				);
				GCC_WARN_64_TO_32_BIT_CONVERSION = YES;
				GCC_WARN_ABOUT_RETURN_TYPE = YES_ERROR;
				GCC_WARN_UNDECLARED_SELECTOR = YES;
				GCC_WARN_UNINITIALIZED_AUTOS = YES_AGGRESSIVE;
				GCC_WARN_UNUSED_FUNCTION = YES;
				GCC_WARN_UNUSED_VARIABLE = YES;
				IPHONEOS_DEPLOYMENT_TARGET = 10.3;
				MTL_ENABLE_DEBUG_INFO = YES;
				ONLY_ACTIVE_ARCH = YES;
				SDKROOT = iphoneos;
			};
			name = Debug;
		};
		630313831EE7987700EEA982 /* Release */ = {
			isa = XCBuildConfiguration;
			buildSettings = {
				ALWAYS_SEARCH_USER_PATHS = NO;
				CLANG_ANALYZER_NONNULL = YES;
				CLANG_ANALYZER_NUMBER_OBJECT_CONVERSION = YES_AGGRESSIVE;
				CLANG_CXX_LANGUAGE_STANDARD = "gnu++0x";
				CLANG_CXX_LIBRARY = "libc++";
				CLANG_ENABLE_MODULES = YES;
				CLANG_ENABLE_OBJC_ARC = YES;
				CLANG_WARN_BOOL_CONVERSION = YES;
				CLANG_WARN_CONSTANT_CONVERSION = YES;
				CLANG_WARN_DIRECT_OBJC_ISA_USAGE = YES_ERROR;
				CLANG_WARN_DOCUMENTATION_COMMENTS = YES;
				CLANG_WARN_EMPTY_BODY = YES;
				CLANG_WARN_ENUM_CONVERSION = YES;
				CLANG_WARN_INFINITE_RECURSION = YES;
				CLANG_WARN_INT_CONVERSION = YES;
				CLANG_WARN_OBJC_ROOT_CLASS = YES_ERROR;
				CLANG_WARN_SUSPICIOUS_MOVE = YES;
				CLANG_WARN_UNREACHABLE_CODE = YES;
				CLANG_WARN__DUPLICATE_METHOD_MATCH = YES;
				"CODE_SIGN_IDENTITY[sdk=iphoneos*]" = "iPhone Developer";
				COPY_PHASE_STRIP = NO;
				DEBUG_INFORMATION_FORMAT = "dwarf-with-dsym";
				ENABLE_NS_ASSERTIONS = NO;
				ENABLE_STRICT_OBJC_MSGSEND = YES;
				GCC_C_LANGUAGE_STANDARD = gnu99;
				GCC_NO_COMMON_BLOCKS = YES;
				GCC_WARN_64_TO_32_BIT_CONVERSION = YES;
				GCC_WARN_ABOUT_RETURN_TYPE = YES_ERROR;
				GCC_WARN_UNDECLARED_SELECTOR = YES;
				GCC_WARN_UNINITIALIZED_AUTOS = YES_AGGRESSIVE;
				GCC_WARN_UNUSED_FUNCTION = YES;
				GCC_WARN_UNUSED_VARIABLE = YES;
				IPHONEOS_DEPLOYMENT_TARGET = 10.3;
				MTL_ENABLE_DEBUG_INFO = NO;
				SDKROOT = iphoneos;
				VALIDATE_PRODUCT = YES;
			};
			name = Release;
		};
		630313851EE7987700EEA982 /* Debug */ = {
			isa = XCBuildConfiguration;
			buildSettings = {
				ASSETCATALOG_COMPILER_APPICON_NAME = AppIcon;
				INFOPLIST_FILE = weather/Info.plist;
				LD_RUNPATH_SEARCH_PATHS = "$(inherited) @executable_path/Frameworks";
				PRODUCT_BUNDLE_IDENTIFIER = edu.usc.dacredible.weather;
				PRODUCT_NAME = "$(TARGET_NAME)";
			};
			name = Debug;
		};
		630313861EE7987700EEA982 /* Release */ = {
			isa = XCBuildConfiguration;
			buildSettings = {
				ASSETCATALOG_COMPILER_APPICON_NAME = AppIcon;
				INFOPLIST_FILE = weather/Info.plist;
				LD_RUNPATH_SEARCH_PATHS = "$(inherited) @executable_path/Frameworks";
				PRODUCT_BUNDLE_IDENTIFIER = edu.usc.dacredible.weather;
				PRODUCT_NAME = "$(TARGET_NAME)";
			};
			name = Release;
		};
/* End XCBuildConfiguration section */

/* Begin XCConfigurationList section */
		630313651EE7987700EEA982 /* Build configuration list for PBXProject "weather" */ = {
			isa = XCConfigurationList;
			buildConfigurations = (
				630313821EE7987700EEA982 /* Debug */,
				630313831EE7987700EEA982 /* Release */,
			);
			defaultConfigurationIsVisible = 0;
			defaultConfigurationName = Release;
		};
		630313841EE7987700EEA982 /* Build configuration list for PBXNativeTarget "weather" */ = {
			isa = XCConfigurationList;
			buildConfigurations = (
				630313851EE7987700EEA982 /* Debug */,
				630313861EE7987700EEA982 /* Release */,
			);
			defaultConfigurationIsVisible = 0;
			defaultConfigurationName = Release;
		};
/* End XCConfigurationList section */
	};
	rootObject = 630313621EE7987700EEA982 /* Project object */;
}
